// !$*UTF8*$!
{
	archiveVersion = 1;
	classes = {
	};
	objectVersion = 56;
	objects = {

/* Begin PBXBuildFile section */
		AD371CD62BF7B61400152D1D /* AppDelegate.swift in Sources */ = {isa = PBXBuildFile; fileRef = AD371CD52BF7B61400152D1D /* AppDelegate.swift */; };
		AD371CD82BF7B61400152D1D /* SceneDelegate.swift in Sources */ = {isa = PBXBuildFile; fileRef = AD371CD72BF7B61400152D1D /* SceneDelegate.swift */; };
		AD371CDA2BF7B61400152D1D /* ViewController.swift in Sources */ = {isa = PBXBuildFile; fileRef = AD371CD92BF7B61400152D1D /* ViewController.swift */; };
		AD371CDD2BF7B61400152D1D /* Base in Resources */ = {isa = PBXBuildFile; fileRef = AD371CDC2BF7B61400152D1D /* Base */; };
		AD371CDF2BF7B61600152D1D /* Assets.xcassets in Resources */ = {isa = PBXBuildFile; fileRef = AD371CDE2BF7B61600152D1D /* Assets.xcassets */; };
		AD371CE22BF7B61600152D1D /* Base in Resources */ = {isa = PBXBuildFile; fileRef = AD371CE12BF7B61600152D1D /* Base */; };
		AD371CED2BF7B61600152D1D /* FirstDemoTests.swift in Sources */ = {isa = PBXBuildFile; fileRef = AD371CEC2BF7B61600152D1D /* FirstDemoTests.swift */; };
		AD371CF72BF7B61600152D1D /* FirstDemoUITests.swift in Sources */ = {isa = PBXBuildFile; fileRef = AD371CF62BF7B61600152D1D /* FirstDemoUITests.swift */; };
		AD371CF92BF7B61600152D1D /* FirstDemoUITestsLaunchTests.swift in Sources */ = {isa = PBXBuildFile; fileRef = AD371CF82BF7B61600152D1D /* FirstDemoUITestsLaunchTests.swift */; };
		ADB75C4B2C0A0D7C00E8496C /* Blogger.swift in Sources */ = {isa = PBXBuildFile; fileRef = ADB75C4A2C0A0D7C00E8496C /* Blogger.swift */; };
/* End PBXBuildFile section */

/* Begin PBXContainerItemProxy section */
		AD371CE92BF7B61600152D1D /* PBXContainerItemProxy */ = {
			isa = PBXContainerItemProxy;
			containerPortal = AD371CCA2BF7B61400152D1D /* Project object */;
			proxyType = 1;
			remoteGlobalIDString = AD371CD12BF7B61400152D1D;
			remoteInfo = FirstDemo;
		};
		AD371CF32BF7B61600152D1D /* PBXContainerItemProxy */ = {
			isa = PBXContainerItemProxy;
			containerPortal = AD371CCA2BF7B61400152D1D /* Project object */;
			proxyType = 1;
			remoteGlobalIDString = AD371CD12BF7B61400152D1D;
			remoteInfo = FirstDemo;
		};
/* End PBXContainerItemProxy section */

/* Begin PBXFileReference section */
		AD371CD22BF7B61400152D1D /* FirstDemo.app */ = {isa = PBXFileReference; explicitFileType = wrapper.application; includeInIndex = 0; path = FirstDemo.app; sourceTree = BUILT_PRODUCTS_DIR; };
		AD371CD52BF7B61400152D1D /* AppDelegate.swift */ = {isa = PBXFileReference; lastKnownFileType = sourcecode.swift; path = AppDelegate.swift; sourceTree = "<group>"; };
		AD371CD72BF7B61400152D1D /* SceneDelegate.swift */ = {isa = PBXFileReference; lastKnownFileType = sourcecode.swift; path = SceneDelegate.swift; sourceTree = "<group>"; };
		AD371CD92BF7B61400152D1D /* ViewController.swift */ = {isa = PBXFileReference; lastKnownFileType = sourcecode.swift; path = ViewController.swift; sourceTree = "<group>"; };
		AD371CDC2BF7B61400152D1D /* Base */ = {isa = PBXFileReference; lastKnownFileType = file.storyboard; name = Base; path = Base.lproj/Main.storyboard; sourceTree = "<group>"; };
		AD371CDE2BF7B61600152D1D /* Assets.xcassets */ = {isa = PBXFileReference; lastKnownFileType = folder.assetcatalog; path = Assets.xcassets; sourceTree = "<group>"; };
		AD371CE12BF7B61600152D1D /* Base */ = {isa = PBXFileReference; lastKnownFileType = file.storyboard; name = Base; path = Base.lproj/LaunchScreen.storyboard; sourceTree = "<group>"; };
		AD371CE32BF7B61600152D1D /* Info.plist */ = {isa = PBXFileReference; lastKnownFileType = text.plist.xml; path = Info.plist; sourceTree = "<group>"; };
		AD371CE82BF7B61600152D1D /* FirstDemoTests.xctest */ = {isa = PBXFileReference; explicitFileType = wrapper.cfbundle; includeInIndex = 0; path = FirstDemoTests.xctest; sourceTree = BUILT_PRODUCTS_DIR; };
		AD371CEC2BF7B61600152D1D /* FirstDemoTests.swift */ = {isa = PBXFileReference; lastKnownFileType = sourcecode.swift; path = FirstDemoTests.swift; sourceTree = "<group>"; };
		AD371CF22BF7B61600152D1D /* FirstDemoUITests.xctest */ = {isa = PBXFileReference; explicitFileType = wrapper.cfbundle; includeInIndex = 0; path = FirstDemoUITests.xctest; sourceTree = BUILT_PRODUCTS_DIR; };
		AD371CF62BF7B61600152D1D /* FirstDemoUITests.swift */ = {isa = PBXFileReference; lastKnownFileType = sourcecode.swift; path = FirstDemoUITests.swift; sourceTree = "<group>"; };
		AD371CF82BF7B61600152D1D /* FirstDemoUITestsLaunchTests.swift */ = {isa = PBXFileReference; lastKnownFileType = sourcecode.swift; path = FirstDemoUITestsLaunchTests.swift; sourceTree = "<group>"; };
		ADB75C4A2C0A0D7C00E8496C /* Blogger.swift */ = {isa = PBXFileReference; lastKnownFileType = sourcecode.swift; path = Blogger.swift; sourceTree = "<group>"; };
/* End PBXFileReference section */

/* Begin PBXFrameworksBuildPhase section */
		AD371CCF2BF7B61400152D1D /* Frameworks */ = {
			isa = PBXFrameworksBuildPhase;
			buildActionMask = 2147483647;
			files = (
			);
			runOnlyForDeploymentPostprocessing = 0;
		};
		AD371CE52BF7B61600152D1D /* Frameworks */ = {
			isa = PBXFrameworksBuildPhase;
			buildActionMask = 2147483647;
			files = (
			);
			runOnlyForDeploymentPostprocessing = 0;
		};
		AD371CEF2BF7B61600152D1D /* Frameworks */ = {
			isa = PBXFrameworksBuildPhase;
			buildActionMask = 2147483647;
			files = (
			);
			runOnlyForDeploymentPostprocessing = 0;
		};
/* End PBXFrameworksBuildPhase section */

/* Begin PBXGroup section */
		AD371CC92BF7B61400152D1D = {
			isa = PBXGroup;
			children = (
				AD371CD42BF7B61400152D1D /* FirstDemo */,
				AD371CEB2BF7B61600152D1D /* FirstDemoTests */,
				AD371CF52BF7B61600152D1D /* FirstDemoUITests */,
				AD371CD32BF7B61400152D1D /* Products */,
			);
			sourceTree = "<group>";
		};
		AD371CD32BF7B61400152D1D /* Products */ = {
			isa = PBXGroup;
			children = (
				AD371CD22BF7B61400152D1D /* FirstDemo.app */,
				AD371CE82BF7B61600152D1D /* FirstDemoTests.xctest */,
				AD371CF22BF7B61600152D1D /* FirstDemoUITests.xctest */,
			);
			name = Products;
			sourceTree = "<group>";
		};
		AD371CD42BF7B61400152D1D /* FirstDemo */ = {
			isa = PBXGroup;
			children = (
				AD371CD52BF7B61400152D1D /* AppDelegate.swift */,
				AD371CD72BF7B61400152D1D /* SceneDelegate.swift */,
				AD371CD92BF7B61400152D1D /* ViewController.swift */,
				AD371CDB2BF7B61400152D1D /* Main.storyboard */,
				AD371CDE2BF7B61600152D1D /* Assets.xcassets */,
				AD371CE02BF7B61600152D1D /* LaunchScreen.storyboard */,
				AD371CE32BF7B61600152D1D /* Info.plist */,
				ADB75C4A2C0A0D7C00E8496C /* Blogger.swift */,
			);
			path = FirstDemo;
			sourceTree = "<group>";
		};
		AD371CEB2BF7B61600152D1D /* FirstDemoTests */ = {
			isa = PBXGroup;
			children = (
				AD371CEC2BF7B61600152D1D /* FirstDemoTests.swift */,
			);
			path = FirstDemoTests;
			sourceTree = "<group>";
		};
		AD371CF52BF7B61600152D1D /* FirstDemoUITests */ = {
			isa = PBXGroup;
			children = (
				AD371CF62BF7B61600152D1D /* FirstDemoUITests.swift */,
				AD371CF82BF7B61600152D1D /* FirstDemoUITestsLaunchTests.swift */,
			);
			path = FirstDemoUITests;
			sourceTree = "<group>";
		};
/* End PBXGroup section */

/* Begin PBXNativeTarget section */
		AD371CD12BF7B61400152D1D /* FirstDemo */ = {
			isa = PBXNativeTarget;
			buildConfigurationList = AD371CFC2BF7B61600152D1D /* Build configuration list for PBXNativeTarget "FirstDemo" */;
			buildPhases = (
				AD371CCE2BF7B61400152D1D /* Sources */,
				AD371CCF2BF7B61400152D1D /* Frameworks */,
				AD371CD02BF7B61400152D1D /* Resources */,
			);
			buildRules = (
			);
			dependencies = (
			);
			name = FirstDemo;
			productName = FirstDemo;
			productReference = AD371CD22BF7B61400152D1D /* FirstDemo.app */;
			productType = "com.apple.product-type.application";
		};
		AD371CE72BF7B61600152D1D /* FirstDemoTests */ = {
			isa = PBXNativeTarget;
			buildConfigurationList = AD371CFF2BF7B61600152D1D /* Build configuration list for PBXNativeTarget "FirstDemoTests" */;
			buildPhases = (
				AD371CE42BF7B61600152D1D /* Sources */,
				AD371CE52BF7B61600152D1D /* Frameworks */,
				AD371CE62BF7B61600152D1D /* Resources */,
			);
			buildRules = (
			);
			dependencies = (
				AD371CEA2BF7B61600152D1D /* PBXTargetDependency */,
			);
			name = FirstDemoTests;
			productName = FirstDemoTests;
			productReference = AD371CE82BF7B61600152D1D /* FirstDemoTests.xctest */;
			productType = "com.apple.product-type.bundle.unit-test";
		};
		AD371CF12BF7B61600152D1D /* FirstDemoUITests */ = {
			isa = PBXNativeTarget;
			buildConfigurationList = AD371D022BF7B61600152D1D /* Build configuration list for PBXNativeTarget "FirstDemoUITests" */;
			buildPhases = (
				AD371CEE2BF7B61600152D1D /* Sources */,
				AD371CEF2BF7B61600152D1D /* Frameworks */,
				AD371CF02BF7B61600152D1D /* Resources */,
			);
			buildRules = (
			);
			dependencies = (
				AD371CF42BF7B61600152D1D /* PBXTargetDependency */,
			);
			name = FirstDemoUITests;
			productName = FirstDemoUITests;
			productReference = AD371CF22BF7B61600152D1D /* FirstDemoUITests.xctest */;
			productType = "com.apple.product-type.bundle.ui-testing";
		};
/* End PBXNativeTarget section */

/* Begin PBXProject section */
		AD371CCA2BF7B61400152D1D /* Project object */ = {
			isa = PBXProject;
			attributes = {
				BuildIndependentTargetsInParallel = 1;
				LastSwiftUpdateCheck = 1530;
				LastUpgradeCheck = 1530;
				TargetAttributes = {
					AD371CD12BF7B61400152D1D = {
						CreatedOnToolsVersion = 15.3;
					};
					AD371CE72BF7B61600152D1D = {
						CreatedOnToolsVersion = 15.3;
						TestTargetID = AD371CD12BF7B61400152D1D;
					};
					AD371CF12BF7B61600152D1D = {
						CreatedOnToolsVersion = 15.3;
						TestTargetID = AD371CD12BF7B61400152D1D;
					};
				};
			};
			buildConfigurationList = AD371CCD2BF7B61400152D1D /* Build configuration list for PBXProject "FirstDemo" */;
			compatibilityVersion = "Xcode 14.0";
			developmentRegion = en;
			hasScannedForEncodings = 0;
			knownRegions = (
				en,
				Base,
			);
			mainGroup = AD371CC92BF7B61400152D1D;
			productRefGroup = AD371CD32BF7B61400152D1D /* Products */;
			projectDirPath = "";
			projectRoot = "";
			targets = (
				AD371CD12BF7B61400152D1D /* FirstDemo */,
				AD371CE72BF7B61600152D1D /* FirstDemoTests */,
				AD371CF12BF7B61600152D1D /* FirstDemoUITests */,
			);
		};
/* End PBXProject section */

/* Begin PBXResourcesBuildPhase section */
		AD371CD02BF7B61400152D1D /* Resources */ = {
			isa = PBXResourcesBuildPhase;
			buildActionMask = 2147483647;
			files = (
				AD371CDF2BF7B61600152D1D /* Assets.xcassets in Resources */,
				AD371CE22BF7B61600152D1D /* Base in Resources */,
				AD371CDD2BF7B61400152D1D /* Base in Resources */,
			);
			runOnlyForDeploymentPostprocessing = 0;
		};
		AD371CE62BF7B61600152D1D /* Resources */ = {
			isa = PBXResourcesBuildPhase;
			buildActionMask = 2147483647;
			files = (
			);
			runOnlyForDeploymentPostprocessing = 0;
		};
		AD371CF02BF7B61600152D1D /* Resources */ = {
			isa = PBXResourcesBuildPhase;
			buildActionMask = 2147483647;
			files = (
			);
			runOnlyForDeploymentPostprocessing = 0;
		};
/* End PBXResourcesBuildPhase section */

/* Begin PBXSourcesBuildPhase section */
		AD371CCE2BF7B61400152D1D /* Sources */ = {
			isa = PBXSourcesBuildPhase;
			buildActionMask = 2147483647;
			files = (
				AD371CDA2BF7B61400152D1D /* ViewController.swift in Sources */,
				AD371CD62BF7B61400152D1D /* AppDelegate.swift in Sources */,
				ADB75C4B2C0A0D7C00E8496C /* Blogger.swift in Sources */,
				AD371CD82BF7B61400152D1D /* SceneDelegate.swift in Sources */,
			);
			runOnlyForDeploymentPostprocessing = 0;
		};
		AD371CE42BF7B61600152D1D /* Sources */ = {
			isa = PBXSourcesBuildPhase;
			buildActionMask = 2147483647;
			files = (
				AD371CED2BF7B61600152D1D /* FirstDemoTests.swift in Sources */,
			);
			runOnlyForDeploymentPostprocessing = 0;
		};
		AD371CEE2BF7B61600152D1D /* Sources */ = {
			isa = PBXSourcesBuildPhase;
			buildActionMask = 2147483647;
			files = (
				AD371CF92BF7B61600152D1D /* FirstDemoUITestsLaunchTests.swift in Sources */,
				AD371CF72BF7B61600152D1D /* FirstDemoUITests.swift in Sources */,
			);
			runOnlyForDeploymentPostprocessing = 0;
		};
/* End PBXSourcesBuildPhase section */

/* Begin PBXTargetDependency section */
		AD371CEA2BF7B61600152D1D /* PBXTargetDependency */ = {
			isa = PBXTargetDependency;
			target = AD371CD12BF7B61400152D1D /* FirstDemo */;
			targetProxy = AD371CE92BF7B61600152D1D /* PBXContainerItemProxy */;
		};
		AD371CF42BF7B61600152D1D /* PBXTargetDependency */ = {
			isa = PBXTargetDependency;
			target = AD371CD12BF7B61400152D1D /* FirstDemo */;
			targetProxy = AD371CF32BF7B61600152D1D /* PBXContainerItemProxy */;
		};
/* End PBXTargetDependency section */

/* Begin PBXVariantGroup section */
		AD371CDB2BF7B61400152D1D /* Main.storyboard */ = {
			isa = PBXVariantGroup;
			children = (
				AD371CDC2BF7B61400152D1D /* Base */,
			);
			name = Main.storyboard;
			sourceTree = "<group>";
		};
		AD371CE02BF7B61600152D1D /* LaunchScreen.storyboard */ = {
			isa = PBXVariantGroup;
			children = (
				AD371CE12BF7B61600152D1D /* Base */,
			);
			name = LaunchScreen.storyboard;
			sourceTree = "<group>";
		};
/* End PBXVariantGroup section */

/* Begin XCBuildConfiguration section */
		AD371CFA2BF7B61600152D1D /* Debug */ = {
			isa = XCBuildConfiguration;
			buildSettings = {
				ALWAYS_SEARCH_USER_PATHS = NO;
				ASSETCATALOG_COMPILER_GENERATE_SWIFT_ASSET_SYMBOL_EXTENSIONS = YES;
				CLANG_ANALYZER_NONNULL = YES;
				CLANG_ANALYZER_NUMBER_OBJECT_CONVERSION = YES_AGGRESSIVE;
				CLANG_CXX_LANGUAGE_STANDARD = "gnu++20";
				CLANG_ENABLE_MODULES = YES;
				CLANG_ENABLE_OBJC_ARC = YES;
				CLANG_ENABLE_OBJC_WEAK = YES;
				CLANG_WARN_BLOCK_CAPTURE_AUTORELEASING = YES;
				CLANG_WARN_BOOL_CONVERSION = YES;
				CLANG_WARN_COMMA = YES;
				CLANG_WARN_CONSTANT_CONVERSION = YES;
				CLANG_WARN_DEPRECATED_OBJC_IMPLEMENTATIONS = YES;
				CLANG_WARN_DIRECT_OBJC_ISA_USAGE = YES_ERROR;
				CLANG_WARN_DOCUMENTATION_COMMENTS = YES;
				CLANG_WARN_EMPTY_BODY = YES;
				CLANG_WARN_ENUM_CONVERSION = YES;
				CLANG_WARN_INFINITE_RECURSION = YES;
				CLANG_WARN_INT_CONVERSION = YES;
				CLANG_WARN_NON_LITERAL_NULL_CONVERSION = YES;
				CLANG_WARN_OBJC_IMPLICIT_RETAIN_SELF = YES;
				CLANG_WARN_OBJC_LITERAL_CONVERSION = YES;
				CLANG_WARN_OBJC_ROOT_CLASS = YES_ERROR;
				CLANG_WARN_QUOTED_INCLUDE_IN_FRAMEWORK_HEADER = YES;
				CLANG_WARN_RANGE_LOOP_ANALYSIS = YES;
				CLANG_WARN_STRICT_PROTOTYPES = YES;
				CLANG_WARN_SUSPICIOUS_MOVE = YES;
				CLANG_WARN_UNGUARDED_AVAILABILITY = YES_AGGRESSIVE;
				CLANG_WARN_UNREACHABLE_CODE = YES;
				CLANG_WARN__DUPLICATE_METHOD_MATCH = YES;
				COPY_PHASE_STRIP = NO;
				DEBUG_INFORMATION_FORMAT = dwarf;
				ENABLE_STRICT_OBJC_MSGSEND = YES;
				ENABLE_TESTABILITY = YES;
				ENABLE_USER_SCRIPT_SANDBOXING = YES;
				GCC_C_LANGUAGE_STANDARD = gnu17;
				GCC_DYNAMIC_NO_PIC = NO;
				GCC_NO_COMMON_BLOCKS = YES;
				GCC_OPTIMIZATION_LEVEL = 0;
				GCC_PREPROCESSOR_DEFINITIONS = (
					"DEBUG=1",
					"$(inherited)",
				);
				GCC_WARN_64_TO_32_BIT_CONVERSION = YES;
				GCC_WARN_ABOUT_RETURN_TYPE = YES_ERROR;
				GCC_WARN_UNDECLARED_SELECTOR = YES;
				GCC_WARN_UNINITIALIZED_AUTOS = YES_AGGRESSIVE;
				GCC_WARN_UNUSED_FUNCTION = YES;
				GCC_WARN_UNUSED_VARIABLE = YES;
				IPHONEOS_DEPLOYMENT_TARGET = 17.4;
				LOCALIZATION_PREFERS_STRING_CATALOGS = YES;
				MTL_ENABLE_DEBUG_INFO = INCLUDE_SOURCE;
				MTL_FAST_MATH = YES;
				ONLY_ACTIVE_ARCH = YES;
				SDKROOT = iphoneos;
				SWIFT_ACTIVE_COMPILATION_CONDITIONS = "DEBUG $(inherited)";
				SWIFT_OPTIMIZATION_LEVEL = "-Onone";
			};
			name = Debug;
		};
		AD371CFB2BF7B61600152D1D /* Release */ = {
			isa = XCBuildConfiguration;
			buildSettings = {
				ALWAYS_SEARCH_USER_PATHS = NO;
				ASSETCATALOG_COMPILER_GENERATE_SWIFT_ASSET_SYMBOL_EXTENSIONS = YES;
				CLANG_ANALYZER_NONNULL = YES;
				CLANG_ANALYZER_NUMBER_OBJECT_CONVERSION = YES_AGGRESSIVE;
				CLANG_CXX_LANGUAGE_STANDARD = "gnu++20";
				CLANG_ENABLE_MODULES = YES;
				CLANG_ENABLE_OBJC_ARC = YES;
				CLANG_ENABLE_OBJC_WEAK = YES;
				CLANG_WARN_BLOCK_CAPTURE_AUTORELEASING = YES;
				CLANG_WARN_BOOL_CONVERSION = YES;
				CLANG_WARN_COMMA = YES;
				CLANG_WARN_CONSTANT_CONVERSION = YES;
				CLANG_WARN_DEPRECATED_OBJC_IMPLEMENTATIONS = YES;
				CLANG_WARN_DIRECT_OBJC_ISA_USAGE = YES_ERROR;
				CLANG_WARN_DOCUMENTATION_COMMENTS = YES;
				CLANG_WARN_EMPTY_BODY = YES;
				CLANG_WARN_ENUM_CONVERSION = YES;
				CLANG_WARN_INFINITE_RECURSION = YES;
				CLANG_WARN_INT_CONVERSION = YES;
				CLANG_WARN_NON_LITERAL_NULL_CONVERSION = YES;
				CLANG_WARN_OBJC_IMPLICIT_RETAIN_SELF = YES;
				CLANG_WARN_OBJC_LITERAL_CONVERSION = YES;
				CLANG_WARN_OBJC_ROOT_CLASS = YES_ERROR;
				CLANG_WARN_QUOTED_INCLUDE_IN_FRAMEWORK_HEADER = YES;
				CLANG_WARN_RANGE_LOOP_ANALYSIS = YES;
				CLANG_WARN_STRICT_PROTOTYPES = YES;
				CLANG_WARN_SUSPICIOUS_MOVE = YES;
				CLANG_WARN_UNGUARDED_AVAILABILITY = YES_AGGRESSIVE;
				CLANG_WARN_UNREACHABLE_CODE = YES;
				CLANG_WARN__DUPLICATE_METHOD_MATCH = YES;
				COPY_PHASE_STRIP = NO;
				DEBUG_INFORMATION_FORMAT = "dwarf-with-dsym";
				ENABLE_NS_ASSERTIONS = NO;
				ENABLE_STRICT_OBJC_MSGSEND = YES;
				ENABLE_USER_SCRIPT_SANDBOXING = YES;
				GCC_C_LANGUAGE_STANDARD = gnu17;
				GCC_NO_COMMON_BLOCKS = YES;
				GCC_WARN_64_TO_32_BIT_CONVERSION = YES;
				GCC_WARN_ABOUT_RETURN_TYPE = YES_ERROR;
				GCC_WARN_UNDECLARED_SELECTOR = YES;
				GCC_WARN_UNINITIALIZED_AUTOS = YES_AGGRESSIVE;
				GCC_WARN_UNUSED_FUNCTION = YES;
				GCC_WARN_UNUSED_VARIABLE = YES;
				IPHONEOS_DEPLOYMENT_TARGET = 17.4;
				LOCALIZATION_PREFERS_STRING_CATALOGS = YES;
				MTL_ENABLE_DEBUG_INFO = NO;
				MTL_FAST_MATH = YES;
				SDKROOT = iphoneos;
				SWIFT_COMPILATION_MODE = wholemodule;
				VALIDATE_PRODUCT = YES;
			};
			name = Release;
		};
		AD371CFD2BF7B61600152D1D /* Debug */ = {
			isa = XCBuildConfiguration;
			buildSettings = {
				ASSETCATALOG_COMPILER_APPICON_NAME = AppIcon;
				ASSETCATALOG_COMPILER_GLOBAL_ACCENT_COLOR_NAME = AccentColor;
				CODE_SIGN_STYLE = Automatic;
				CURRENT_PROJECT_VERSION = 1;
				GENERATE_INFOPLIST_FILE = YES;
				INFOPLIST_FILE = FirstDemo/Info.plist;
				INFOPLIST_KEY_UIApplicationSupportsIndirectInputEvents = YES;
				INFOPLIST_KEY_UILaunchStoryboardName = LaunchScreen;
				INFOPLIST_KEY_UIMainStoryboardFile = Main;
				INFOPLIST_KEY_UISupportedInterfaceOrientations_iPad = "UIInterfaceOrientationPortrait UIInterfaceOrientationPortraitUpsideDown UIInterfaceOrientationLandscapeLeft UIInterfaceOrientationLandscapeRight";
				INFOPLIST_KEY_UISupportedInterfaceOrientations_iPhone = "UIInterfaceOrientationPortrait UIInterfaceOrientationLandscapeLeft UIInterfaceOrientationLandscapeRight";
				LD_RUNPATH_SEARCH_PATHS = (
					"$(inherited)",
					"@executable_path/Frameworks",
				);
				MARKETING_VERSION = 1.0;
				PRODUCT_BUNDLE_IDENTIFIER = RamazanGasratov.FirstDemo;
				PRODUCT_NAME = "$(TARGET_NAME)";
				SWIFT_EMIT_LOC_STRINGS = YES;
				SWIFT_VERSION = 5.0;
				TARGETED_DEVICE_FAMILY = "1,2";
			};
			name = Debug;
		};
		AD371CFE2BF7B61600152D1D /* Release */ = {
			isa = XCBuildConfiguration;
			buildSettings = {
				ASSETCATALOG_COMPILER_APPICON_NAME = AppIcon;
				ASSETCATALOG_COMPILER_GLOBAL_ACCENT_COLOR_NAME = AccentColor;
				CODE_SIGN_STYLE = Automatic;
				CURRENT_PROJECT_VERSION = 1;
				GENERATE_INFOPLIST_FILE = YES;
				INFOPLIST_FILE = FirstDemo/Info.plist;
				INFOPLIST_KEY_UIApplicationSupportsIndirectInputEvents = YES;
				INFOPLIST_KEY_UILaunchStoryboardName = LaunchScreen;
				INFOPLIST_KEY_UIMainStoryboardFile = Main;
				INFOPLIST_KEY_UISupportedInterfaceOrientations_iPad = "UIInterfaceOrientationPortrait UIInterfaceOrientationPortraitUpsideDown UIInterfaceOrientationLandscapeLeft UIInterfaceOrientationLandscapeRight";
				INFOPLIST_KEY_UISupportedInterfaceOrientations_iPhone = "UIInterfaceOrientationPortrait UIInterfaceOrientationLandscapeLeft UIInterfaceOrientationLandscapeRight";
				LD_RUNPATH_SEARCH_PATHS = (
					"$(inherited)",
					"@executable_path/Frameworks",
				);
				MARKETING_VERSION = 1.0;
				PRODUCT_BUNDLE_IDENTIFIER = RamazanGasratov.FirstDemo;
				PRODUCT_NAME = "$(TARGET_NAME)";
				SWIFT_EMIT_LOC_STRINGS = YES;
				SWIFT_VERSION = 5.0;
				TARGETED_DEVICE_FAMILY = "1,2";
			};
			name = Release;
		};
		AD371D002BF7B61600152D1D /* Debug */ = {
			isa = XCBuildConfiguration;
			buildSettings = {
				ALWAYS_EMBED_SWIFT_STANDARD_LIBRARIES = YES;
				BUNDLE_LOADER = "$(TEST_HOST)";
				CODE_SIGN_STYLE = Automatic;
				CURRENT_PROJECT_VERSION = 1;
				GENERATE_INFOPLIST_FILE = YES;
				IPHONEOS_DEPLOYMENT_TARGET = 17.4;
				MARKETING_VERSION = 1.0;
				PRODUCT_BUNDLE_IDENTIFIER = RamazanGasratov.FirstDemoTests;
				PRODUCT_NAME = "$(TARGET_NAME)";
				SWIFT_EMIT_LOC_STRINGS = NO;
				SWIFT_VERSION = 5.0;
				TARGETED_DEVICE_FAMILY = "1,2";
				TEST_HOST = "$(BUILT_PRODUCTS_DIR)/FirstDemo.app/$(BUNDLE_EXECUTABLE_FOLDER_PATH)/FirstDemo";
			};
			name = Debug;
		};
		AD371D012BF7B61600152D1D /* Release */ = {
			isa = XCBuildConfiguration;
			buildSettings = {
				ALWAYS_EMBED_SWIFT_STANDARD_LIBRARIES = YES;
				BUNDLE_LOADER = "$(TEST_HOST)";
				CODE_SIGN_STYLE = Automatic;
				CURRENT_PROJECT_VERSION = 1;
				GENERATE_INFOPLIST_FILE = YES;
				IPHONEOS_DEPLOYMENT_TARGET = 17.4;
				MARKETING_VERSION = 1.0;
				PRODUCT_BUNDLE_IDENTIFIER = RamazanGasratov.FirstDemoTests;
				PRODUCT_NAME = "$(TARGET_NAME)";
				SWIFT_EMIT_LOC_STRINGS = NO;
				SWIFT_VERSION = 5.0;
				TARGETED_DEVICE_FAMILY = "1,2";
				TEST_HOST = "$(BUILT_PRODUCTS_DIR)/FirstDemo.app/$(BUNDLE_EXECUTABLE_FOLDER_PATH)/FirstDemo";
			};
			name = Release;
		};
		AD371D032BF7B61600152D1D /* Debug */ = {
			isa = XCBuildConfiguration;
			buildSettings = {
				ALWAYS_EMBED_SWIFT_STANDARD_LIBRARIES = YES;
				CODE_SIGN_STYLE = Automatic;
				CURRENT_PROJECT_VERSION = 1;
				GENERATE_INFOPLIST_FILE = YES;
				MARKETING_VERSION = 1.0;
				PRODUCT_BUNDLE_IDENTIFIER = RamazanGasratov.FirstDemoUITests;
				PRODUCT_NAME = "$(TARGET_NAME)";
				SWIFT_EMIT_LOC_STRINGS = NO;
				SWIFT_VERSION = 5.0;
				TARGETED_DEVICE_FAMILY = "1,2";
				TEST_TARGET_NAME = FirstDemo;
			};
			name = Debug;
		};
		AD371D042BF7B61600152D1D /* Release */ = {
			isa = XCBuildConfiguration;
			buildSettings = {
				ALWAYS_EMBED_SWIFT_STANDARD_LIBRARIES = YES;
				CODE_SIGN_STYLE = Automatic;
				CURRENT_PROJECT_VERSION = 1;
				GENERATE_INFOPLIST_FILE = YES;
				MARKETING_VERSION = 1.0;
				PRODUCT_BUNDLE_IDENTIFIER = RamazanGasratov.FirstDemoUITests;
				PRODUCT_NAME = "$(TARGET_NAME)";
				SWIFT_EMIT_LOC_STRINGS = NO;
				SWIFT_VERSION = 5.0;
				TARGETED_DEVICE_FAMILY = "1,2";
				TEST_TARGET_NAME = FirstDemo;
			};
			name = Release;
		};
/* End XCBuildConfiguration section */

/* Begin XCConfigurationList section */
		AD371CCD2BF7B61400152D1D /* Build configuration list for PBXProject "FirstDemo" */ = {
			isa = XCConfigurationList;
			buildConfigurations = (
				AD371CFA2BF7B61600152D1D /* Debug */,
				AD371CFB2BF7B61600152D1D /* Release */,
			);
			defaultConfigurationIsVisible = 0;
			defaultConfigurationName = Release;
		};
		AD371CFC2BF7B61600152D1D /* Build configuration list for PBXNativeTarget "FirstDemo" */ = {
			isa = XCConfigurationList;
			buildConfigurations = (
				AD371CFD2BF7B61600152D1D /* Debug */,
				AD371CFE2BF7B61600152D1D /* Release */,
			);
			defaultConfigurationIsVisible = 0;
			defaultConfigurationName = Release;
		};
		AD371CFF2BF7B61600152D1D /* Build configuration list for PBXNativeTarget "FirstDemoTests" */ = {
			isa = XCConfigurationList;
			buildConfigurations = (
				AD371D002BF7B61600152D1D /* Debug */,
				AD371D012BF7B61600152D1D /* Release */,
			);
			defaultConfigurationIsVisible = 0;
			defaultConfigurationName = Release;
		};
		AD371D022BF7B61600152D1D /* Build configuration list for PBXNativeTarget "FirstDemoUITests" */ = {
			isa = XCConfigurationList;
			buildConfigurations = (
				AD371D032BF7B61600152D1D /* Debug */,
				AD371D042BF7B61600152D1D /* Release */,
			);
			defaultConfigurationIsVisible = 0;
			defaultConfigurationName = Release;
		};
/* End XCConfigurationList section */
	};
	rootObject = AD371CCA2BF7B61400152D1D /* Project object */;
}
